
Microsoft Visual Studio Solution File, Format Version 12.00
# Visual Studio Version 16
VisualStudioVersion = 16.0.28803.156
MinimumVisualStudioVersion = 10.0.40219.1
Project("{FAE04EC0-301F-11D3-BF4B-00C04F79EFBC}") = "XMLHierarchy", "XMLHierarchy\XMLHierarchy.csproj", "{F81BE8EB-4BB8-44E5-9D6F-77E87D0A89EE}"
EndProject
Global
	GlobalSection(SolutionConfigurationPlatforms) = preSolution
		Debug|Any CPU = Debug|Any CPU
		Release|Any CPU = Release|Any CPU
	EndGlobalSection
	GlobalSection(ProjectConfigurationPlatforms) = postSolution
		{F81BE8EB-4BB8-44E5-9D6F-77E87D0A89EE}.Debug|Any CPU.ActiveCfg = Debug|Any CPU
		{F81BE8EB-4BB8-44E5-9D6F-77E87D0A89EE}.Debug|Any CPU.Build.0 = Debug|Any CPU
		{F81BE8EB-4BB8-44E5-9D6F-77E87D0A89EE}.Release|Any CPU.ActiveCfg = Release|Any CPU
		{F81BE8EB-4BB8-44E5-9D6F-77E87D0A89EE}.Release|Any CPU.Build.0 = Release|Any CPU
	EndGlobalSection
	GlobalSection(SolutionProperties) = preSolution
		HideSolutionNode = FALSE
	EndGlobalSection
	GlobalSection(ExtensibilityGlobals) = postSolution
		SolutionGuid = {333992E5-EDF3-4EBB-8B0D-E57BF72A1C88}
	EndGlobalSection
EndGlobal
